
Microsoft Visual Studio Solution File, Format Version 12.00
# Visual Studio 14
VisualStudioVersion = 14.0.25420.1
MinimumVisualStudioVersion = 10.0.40219.1
Project("{2150E333-8FDC-42A3-9474-1A3956D46DE8}") = "src", "src", "{4E7C08A5-9FCC-4EEA-A817-F193A5D1320E}"
EndProject
Project("{2150E333-8FDC-42A3-9474-1A3956D46DE8}") = "Solution Items", "Solution Items", "{AB27C2B7-DFE5-4F1A-8F90-F3586CD175F8}"
	ProjectSection(SolutionItems) = preProject
		global.json = global.json
	EndProjectSection
EndProject
Project("{8BB2217D-0F2D-49D1-97BC-3654ED321F3B}") = "Asset1.Web", "src\Asset1\Asset1.Web.xproj", "{6E0405AD-70EA-459F-8753-05BABA190FAF}"
EndProject
Project("{8BB2217D-0F2D-49D1-97BC-3654ED321F3B}") = "Asset1.Domain", "src\Asset1.Domain\Asset1.Domain.xproj", "{BBF2E17C-B6B4-4E13-B163-23CA0210EA55}"
EndProject
Project("{8BB2217D-0F2D-49D1-97BC-3654ED321F3B}") = "Asset1.Business", "src\Asset1.Business\Asset1.Business.xproj", "{DD59EDB1-DB19-44B6-8DC6-83CC1BE9C700}"
EndProject
Project("{2150E333-8FDC-42A3-9474-1A3956D46DE8}") = "test", "test", "{00A843FE-20D5-4D40-8DE2-43A3095C1346}"
EndProject
Project("{2150E333-8FDC-42A3-9474-1A3956D46DE8}") = "Person.Tests", "Person.Tests", "{5E7B10B8-32EE-4405-A3AF-90B8FF0AF4A5}"
EndProject
Project("{8BB2217D-0F2D-49D1-97BC-3654ED321F3B}") = "Person.Tests", "test\Person.Tests\Person.Tests.xproj", "{60FC6F54-A16E-4450-B3FD-B734BAB5B0B5}"
EndProject
Project("{8BB2217D-0F2D-49D1-97BC-3654ED321F3B}") = "Asset1.PlatformClient", "src\Asset1.PlatformClient\Asset1.PlatformClient.xproj", "{98873E28-0268-4220-A3B0-7F003DECE190}"
EndProject
Global
	GlobalSection(SolutionConfigurationPlatforms) = preSolution
		Debug|Any CPU = Debug|Any CPU
		Release|Any CPU = Release|Any CPU
	EndGlobalSection
	GlobalSection(ProjectConfigurationPlatforms) = postSolution
		{6E0405AD-70EA-459F-8753-05BABA190FAF}.Debug|Any CPU.ActiveCfg = Debug|Any CPU
		{6E0405AD-70EA-459F-8753-05BABA190FAF}.Debug|Any CPU.Build.0 = Debug|Any CPU
		{6E0405AD-70EA-459F-8753-05BABA190FAF}.Release|Any CPU.ActiveCfg = Release|Any CPU
		{6E0405AD-70EA-459F-8753-05BABA190FAF}.Release|Any CPU.Build.0 = Release|Any CPU
		{BBF2E17C-B6B4-4E13-B163-23CA0210EA55}.Debug|Any CPU.ActiveCfg = Debug|Any CPU
		{BBF2E17C-B6B4-4E13-B163-23CA0210EA55}.Debug|Any CPU.Build.0 = Debug|Any CPU
		{BBF2E17C-B6B4-4E13-B163-23CA0210EA55}.Release|Any CPU.ActiveCfg = Release|Any CPU
		{BBF2E17C-B6B4-4E13-B163-23CA0210EA55}.Release|Any CPU.Build.0 = Release|Any CPU
		{DD59EDB1-DB19-44B6-8DC6-83CC1BE9C700}.Debug|Any CPU.ActiveCfg = Debug|Any CPU
		{DD59EDB1-DB19-44B6-8DC6-83CC1BE9C700}.Debug|Any CPU.Build.0 = Debug|Any CPU
		{DD59EDB1-DB19-44B6-8DC6-83CC1BE9C700}.Release|Any CPU.ActiveCfg = Release|Any CPU
		{DD59EDB1-DB19-44B6-8DC6-83CC1BE9C700}.Release|Any CPU.Build.0 = Release|Any CPU
		{60FC6F54-A16E-4450-B3FD-B734BAB5B0B5}.Debug|Any CPU.ActiveCfg = Debug|Any CPU
		{60FC6F54-A16E-4450-B3FD-B734BAB5B0B5}.Debug|Any CPU.Build.0 = Debug|Any CPU
		{60FC6F54-A16E-4450-B3FD-B734BAB5B0B5}.Release|Any CPU.ActiveCfg = Release|Any CPU
		{60FC6F54-A16E-4450-B3FD-B734BAB5B0B5}.Release|Any CPU.Build.0 = Release|Any CPU
		{98873E28-0268-4220-A3B0-7F003DECE190}.Debug|Any CPU.ActiveCfg = Debug|Any CPU
		{98873E28-0268-4220-A3B0-7F003DECE190}.Debug|Any CPU.Build.0 = Debug|Any CPU
		{98873E28-0268-4220-A3B0-7F003DECE190}.Release|Any CPU.ActiveCfg = Release|Any CPU
		{98873E28-0268-4220-A3B0-7F003DECE190}.Release|Any CPU.Build.0 = Release|Any CPU
	EndGlobalSection
	GlobalSection(SolutionProperties) = preSolution
		HideSolutionNode = FALSE
	EndGlobalSection
	GlobalSection(NestedProjects) = preSolution
		{6E0405AD-70EA-459F-8753-05BABA190FAF} = {4E7C08A5-9FCC-4EEA-A817-F193A5D1320E}
		{BBF2E17C-B6B4-4E13-B163-23CA0210EA55} = {4E7C08A5-9FCC-4EEA-A817-F193A5D1320E}
		{DD59EDB1-DB19-44B6-8DC6-83CC1BE9C700} = {4E7C08A5-9FCC-4EEA-A817-F193A5D1320E}
		{5E7B10B8-32EE-4405-A3AF-90B8FF0AF4A5} = {00A843FE-20D5-4D40-8DE2-43A3095C1346}
		{60FC6F54-A16E-4450-B3FD-B734BAB5B0B5} = {5E7B10B8-32EE-4405-A3AF-90B8FF0AF4A5}
		{98873E28-0268-4220-A3B0-7F003DECE190} = {4E7C08A5-9FCC-4EEA-A817-F193A5D1320E}
	EndGlobalSection
EndGlobal
